// !$*UTF8*$!
{
	archiveVersion = 1;
	classes = {
	};
	objectVersion = 77;
	objects = {

/* Begin PBXContainerItemProxy section */
		BC7553D82D0C493200BE1A6A /* PBXContainerItemProxy */ = {
			isa = PBXContainerItemProxy;
			containerPortal = BC7553BF2D0C493100BE1A6A /* Project object */;
			proxyType = 1;
			remoteGlobalIDString = BC7553C62D0C493100BE1A6A;
			remoteInfo = CalorieScan;
		};
		BC7553E22D0C493200BE1A6A /* PBXContainerItemProxy */ = {
			isa = PBXContainerItemProxy;
			containerPortal = BC7553BF2D0C493100BE1A6A /* Project object */;
			proxyType = 1;
			remoteGlobalIDString = BC7553C62D0C493100BE1A6A;
			remoteInfo = CalorieScan;
		};
/* End PBXContainerItemProxy section */

/* Begin PBXFileReference section */
		BC7553C72D0C493100BE1A6A /* CalorieScan.app */ = {isa = PBXFileReference; explicitFileType = wrapper.application; includeInIndex = 0; path = CalorieScan.app; sourceTree = BUILT_PRODUCTS_DIR; };
		BC7553D72D0C493200BE1A6A /* CalorieScanTests.xctest */ = {isa = PBXFileReference; explicitFileType = wrapper.cfbundle; includeInIndex = 0; path = CalorieScanTests.xctest; sourceTree = BUILT_PRODUCTS_DIR; };
		BC7553E12D0C493200BE1A6A /* CalorieScanUITests.xctest */ = {isa = PBXFileReference; explicitFileType = wrapper.cfbundle; includeInIndex = 0; path = CalorieScanUITests.xctest; sourceTree = BUILT_PRODUCTS_DIR; };
/* End PBXFileReference section */

/* Begin PBXFileSystemSynchronizedRootGroup section */
		BC7553C92D0C493100BE1A6A /* CalorieScan */ = {
			isa = PBXFileSystemSynchronizedRootGroup;
			path = CalorieScan;
			sourceTree = "<group>";
		};
		BC7553DA2D0C493200BE1A6A /* CalorieScanTests */ = {
			isa = PBXFileSystemSynchronizedRootGroup;
			path = CalorieScanTests;
			sourceTree = "<group>";
		};
		BC7553E42D0C493200BE1A6A /* CalorieScanUITests */ = {
			isa = PBXFileSystemSynchronizedRootGroup;
			path = CalorieScanUITests;
			sourceTree = "<group>";
		};
/* End PBXFileSystemSynchronizedRootGroup section */

/* Begin PBXFrameworksBuildPhase section */
		BC7553C42D0C493100BE1A6A /* Frameworks */ = {
			isa = PBXFrameworksBuildPhase;
			buildActionMask = 2147483647;
			files = (
			);
			runOnlyForDeploymentPostprocessing = 0;
		};
		BC7553D42D0C493200BE1A6A /* Frameworks */ = {
			isa = PBXFrameworksBuildPhase;
			buildActionMask = 2147483647;
			files = (
			);
			runOnlyForDeploymentPostprocessing = 0;
		};
		BC7553DE2D0C493200BE1A6A /* Frameworks */ = {
			isa = PBXFrameworksBuildPhase;
			buildActionMask = 2147483647;
			files = (
			);
			runOnlyForDeploymentPostprocessing = 0;
		};
/* End PBXFrameworksBuildPhase section */

/* Begin PBXGroup section */
		BC7553BE2D0C493100BE1A6A = {
			isa = PBXGroup;
			children = (
				BC7553C92D0C493100BE1A6A /* CalorieScan */,
				BC7553DA2D0C493200BE1A6A /* CalorieScanTests */,
				BC7553E42D0C493200BE1A6A /* CalorieScanUITests */,
				BC7553C82D0C493100BE1A6A /* Products */,
			);
			sourceTree = "<group>";
		};
		BC7553C82D0C493100BE1A6A /* Products */ = {
			isa = PBXGroup;
			children = (
				BC7553C72D0C493100BE1A6A /* CalorieScan.app */,
				BC7553D72D0C493200BE1A6A /* CalorieScanTests.xctest */,
				BC7553E12D0C493200BE1A6A /* CalorieScanUITests.xctest */,
			);
			name = Products;
			sourceTree = "<group>";
		};
/* End PBXGroup section */

/* Begin PBXNativeTarget section */
		BC7553C62D0C493100BE1A6A /* CalorieScan */ = {
			isa = PBXNativeTarget;
			buildConfigurationList = BC7553EB2D0C493200BE1A6A /* Build configuration list for PBXNativeTarget "CalorieScan" */;
			buildPhases = (
				BC7553C32D0C493100BE1A6A /* Sources */,
				BC7553C42D0C493100BE1A6A /* Frameworks */,
				BC7553C52D0C493100BE1A6A /* Resources */,
			);
			buildRules = (
			);
			dependencies = (
			);
			fileSystemSynchronizedGroups = (
				BC7553C92D0C493100BE1A6A /* CalorieScan */,
			);
			name = CalorieScan;
			packageProductDependencies = (
			);
			productName = CalorieScan;
			productReference = BC7553C72D0C493100BE1A6A /* CalorieScan.app */;
			productType = "com.apple.product-type.application";
		};
		BC7553D62D0C493200BE1A6A /* CalorieScanTests */ = {
			isa = PBXNativeTarget;
			buildConfigurationList = BC7553EE2D0C493200BE1A6A /* Build configuration list for PBXNativeTarget "CalorieScanTests" */;
			buildPhases = (
				BC7553D32D0C493200BE1A6A /* Sources */,
				BC7553D42D0C493200BE1A6A /* Frameworks */,
				BC7553D52D0C493200BE1A6A /* Resources */,
			);
			buildRules = (
			);
			dependencies = (
				BC7553D92D0C493200BE1A6A /* PBXTargetDependency */,
			);
			fileSystemSynchronizedGroups = (
				BC7553DA2D0C493200BE1A6A /* CalorieScanTests */,
			);
			name = CalorieScanTests;
			packageProductDependencies = (
			);
			productName = CalorieScanTests;
			productReference = BC7553D72D0C493200BE1A6A /* CalorieScanTests.xctest */;
			productType = "com.apple.product-type.bundle.unit-test";
		};
		BC7553E02D0C493200BE1A6A /* CalorieScanUITests */ = {
			isa = PBXNativeTarget;
			buildConfigurationList = BC7553F12D0C493200BE1A6A /* Build configuration list for PBXNativeTarget "CalorieScanUITests" */;
			buildPhases = (
				BC7553DD2D0C493200BE1A6A /* Sources */,
				BC7553DE2D0C493200BE1A6A /* Frameworks */,
				BC7553DF2D0C493200BE1A6A /* Resources */,
			);
			buildRules = (
			);
			dependencies = (
				BC7553E32D0C493200BE1A6A /* PBXTargetDependency */,
			);
			fileSystemSynchronizedGroups = (
				BC7553E42D0C493200BE1A6A /* CalorieScanUITests */,
			);
			name = CalorieScanUITests;
			packageProductDependencies = (
			);
			productName = CalorieScanUITests;
			productReference = BC7553E12D0C493200BE1A6A /* CalorieScanUITests.xctest */;
			productType = "com.apple.product-type.bundle.ui-testing";
		};
/* End PBXNativeTarget section */

/* Begin PBXProject section */
		BC7553BF2D0C493100BE1A6A /* Project object */ = {
			isa = PBXProject;
			attributes = {
				BuildIndependentTargetsInParallel = 1;
				LastSwiftUpdateCheck = 1620;
				LastUpgradeCheck = 1620;
				TargetAttributes = {
					BC7553C62D0C493100BE1A6A = {
						CreatedOnToolsVersion = 16.2;
					};
					BC7553D62D0C493200BE1A6A = {
						CreatedOnToolsVersion = 16.2;
						TestTargetID = BC7553C62D0C493100BE1A6A;
					};
					BC7553E02D0C493200BE1A6A = {
						CreatedOnToolsVersion = 16.2;
						TestTargetID = BC7553C62D0C493100BE1A6A;
					};
				};
			};
			buildConfigurationList = BC7553C22D0C493100BE1A6A /* Build configuration list for PBXProject "CalorieScan" */;
			developmentRegion = en;
			hasScannedForEncodings = 0;
			knownRegions = (
				en,
				Base,
			);
			mainGroup = BC7553BE2D0C493100BE1A6A;
			minimizedProjectReferenceProxies = 1;
			preferredProjectObjectVersion = 77;
			productRefGroup = BC7553C82D0C493100BE1A6A /* Products */;
			projectDirPath = "";
			projectRoot = "";
			targets = (
				BC7553C62D0C493100BE1A6A /* CalorieScan */,
				BC7553D62D0C493200BE1A6A /* CalorieScanTests */,
				BC7553E02D0C493200BE1A6A /* CalorieScanUITests */,
			);
		};
/* End PBXProject section */

/* Begin PBXResourcesBuildPhase section */
		BC7553C52D0C493100BE1A6A /* Resources */ = {
			isa = PBXResourcesBuildPhase;
			buildActionMask = 2147483647;
			files = (
			);
			runOnlyForDeploymentPostprocessing = 0;
		};
		BC7553D52D0C493200BE1A6A /* Resources */ = {
			isa = PBXResourcesBuildPhase;
			buildActionMask = 2147483647;
			files = (
			);
			runOnlyForDeploymentPostprocessing = 0;
		};
		BC7553DF2D0C493200BE1A6A /* Resources */ = {
			isa = PBXResourcesBuildPhase;
			buildActionMask = 2147483647;
			files = (
			);
			runOnlyForDeploymentPostprocessing = 0;
		};
/* End PBXResourcesBuildPhase section */

/* Begin PBXSourcesBuildPhase section */
		BC7553C32D0C493100BE1A6A /* Sources */ = {
			isa = PBXSourcesBuildPhase;
			buildActionMask = 2147483647;
			files = (
			);
			runOnlyForDeploymentPostprocessing = 0;
		};
		BC7553D32D0C493200BE1A6A /* Sources */ = {
			isa = PBXSourcesBuildPhase;
			buildActionMask = 2147483647;
			files = (
			);
			runOnlyForDeploymentPostprocessing = 0;
		};
		BC7553DD2D0C493200BE1A6A /* Sources */ = {
			isa = PBXSourcesBuildPhase;
			buildActionMask = 2147483647;
			files = (
			);
			runOnlyForDeploymentPostprocessing = 0;
		};
/* End PBXSourcesBuildPhase section */

/* Begin PBXTargetDependency section */
		BC7553D92D0C493200BE1A6A /* PBXTargetDependency */ = {
			isa = PBXTargetDependency;
			target = BC7553C62D0C493100BE1A6A /* CalorieScan */;
			targetProxy = BC7553D82D0C493200BE1A6A /* PBXContainerItemProxy */;
		};
		BC7553E32D0C493200BE1A6A /* PBXTargetDependency */ = {
			isa = PBXTargetDependency;
			target = BC7553C62D0C493100BE1A6A /* CalorieScan */;
			targetProxy = BC7553E22D0C493200BE1A6A /* PBXContainerItemProxy */;
		};
/* End PBXTargetDependency section */

/* Begin XCBuildConfiguration section */
		BC7553E92D0C493200BE1A6A /* Debug */ = {
			isa = XCBuildConfiguration;
			buildSettings = {
				ALWAYS_SEARCH_USER_PATHS = NO;
				ASSETCATALOG_COMPILER_GENERATE_SWIFT_ASSET_SYMBOL_EXTENSIONS = YES;
				CLANG_ANALYZER_NONNULL = YES;
				CLANG_ANALYZER_NUMBER_OBJECT_CONVERSION = YES_AGGRESSIVE;
				CLANG_CXX_LANGUAGE_STANDARD = "gnu++20";
				CLANG_ENABLE_MODULES = YES;
				CLANG_ENABLE_OBJC_ARC = YES;
				CLANG_ENABLE_OBJC_WEAK = YES;
				CLANG_WARN_BLOCK_CAPTURE_AUTORELEASING = YES;
				CLANG_WARN_BOOL_CONVERSION = YES;
				CLANG_WARN_COMMA = YES;
				CLANG_WARN_CONSTANT_CONVERSION = YES;
				CLANG_WARN_DEPRECATED_OBJC_IMPLEMENTATIONS = YES;
				CLANG_WARN_DIRECT_OBJC_ISA_USAGE = YES_ERROR;
				CLANG_WARN_DOCUMENTATION_COMMENTS = YES;
				CLANG_WARN_EMPTY_BODY = YES;
				CLANG_WARN_ENUM_CONVERSION = YES;
				CLANG_WARN_INFINITE_RECURSION = YES;
				CLANG_WARN_INT_CONVERSION = YES;
				CLANG_WARN_NON_LITERAL_NULL_CONVERSION = YES;
				CLANG_WARN_OBJC_IMPLICIT_RETAIN_SELF = YES;
				CLANG_WARN_OBJC_LITERAL_CONVERSION = YES;
				CLANG_WARN_OBJC_ROOT_CLASS = YES_ERROR;
				CLANG_WARN_QUOTED_INCLUDE_IN_FRAMEWORK_HEADER = YES;
				CLANG_WARN_RANGE_LOOP_ANALYSIS = YES;
				CLANG_WARN_STRICT_PROTOTYPES = YES;
				CLANG_WARN_SUSPICIOUS_MOVE = YES;
				CLANG_WARN_UNGUARDED_AVAILABILITY = YES_AGGRESSIVE;
				CLANG_WARN_UNREACHABLE_CODE = YES;
				CLANG_WARN__DUPLICATE_METHOD_MATCH = YES;
				COPY_PHASE_STRIP = NO;
				DEBUG_INFORMATION_FORMAT = dwarf;
				ENABLE_STRICT_OBJC_MSGSEND = YES;
				ENABLE_TESTABILITY = YES;
				ENABLE_USER_SCRIPT_SANDBOXING = YES;
				GCC_C_LANGUAGE_STANDARD = gnu17;
				GCC_DYNAMIC_NO_PIC = NO;
				GCC_NO_COMMON_BLOCKS = YES;
				GCC_OPTIMIZATION_LEVEL = 0;
				GCC_PREPROCESSOR_DEFINITIONS = (
					"DEBUG=1",
					"$(inherited)",
				);
				GCC_WARN_64_TO_32_BIT_CONVERSION = YES;
				GCC_WARN_ABOUT_RETURN_TYPE = YES_ERROR;
				GCC_WARN_UNDECLARED_SELECTOR = YES;
				GCC_WARN_UNINITIALIZED_AUTOS = YES_AGGRESSIVE;
				GCC_WARN_UNUSED_FUNCTION = YES;
				GCC_WARN_UNUSED_VARIABLE = YES;
				IPHONEOS_DEPLOYMENT_TARGET = 18.2;
				LOCALIZATION_PREFERS_STRING_CATALOGS = YES;
				MTL_ENABLE_DEBUG_INFO = INCLUDE_SOURCE;
				MTL_FAST_MATH = YES;
				ONLY_ACTIVE_ARCH = YES;
				SDKROOT = iphoneos;
				SWIFT_ACTIVE_COMPILATION_CONDITIONS = "DEBUG $(inherited)";
				SWIFT_OPTIMIZATION_LEVEL = "-Onone";
			};
			name = Debug;
		};
		BC7553EA2D0C493200BE1A6A /* Release */ = {
			isa = XCBuildConfiguration;
			buildSettings = {
				ALWAYS_SEARCH_USER_PATHS = NO;
				ASSETCATALOG_COMPILER_GENERATE_SWIFT_ASSET_SYMBOL_EXTENSIONS = YES;
				CLANG_ANALYZER_NONNULL = YES;
				CLANG_ANALYZER_NUMBER_OBJECT_CONVERSION = YES_AGGRESSIVE;
				CLANG_CXX_LANGUAGE_STANDARD = "gnu++20";
				CLANG_ENABLE_MODULES = YES;
				CLANG_ENABLE_OBJC_ARC = YES;
				CLANG_ENABLE_OBJC_WEAK = YES;
				CLANG_WARN_BLOCK_CAPTURE_AUTORELEASING = YES;
				CLANG_WARN_BOOL_CONVERSION = YES;
				CLANG_WARN_COMMA = YES;
				CLANG_WARN_CONSTANT_CONVERSION = YES;
				CLANG_WARN_DEPRECATED_OBJC_IMPLEMENTATIONS = YES;
				CLANG_WARN_DIRECT_OBJC_ISA_USAGE = YES_ERROR;
				CLANG_WARN_DOCUMENTATION_COMMENTS = YES;
				CLANG_WARN_EMPTY_BODY = YES;
				CLANG_WARN_ENUM_CONVERSION = YES;
				CLANG_WARN_INFINITE_RECURSION = YES;
				CLANG_WARN_INT_CONVERSION = YES;
				CLANG_WARN_NON_LITERAL_NULL_CONVERSION = YES;
				CLANG_WARN_OBJC_IMPLICIT_RETAIN_SELF = YES;
				CLANG_WARN_OBJC_LITERAL_CONVERSION = YES;
				CLANG_WARN_OBJC_ROOT_CLASS = YES_ERROR;
				CLANG_WARN_QUOTED_INCLUDE_IN_FRAMEWORK_HEADER = YES;
				CLANG_WARN_RANGE_LOOP_ANALYSIS = YES;
				CLANG_WARN_STRICT_PROTOTYPES = YES;
				CLANG_WARN_SUSPICIOUS_MOVE = YES;
				CLANG_WARN_UNGUARDED_AVAILABILITY = YES_AGGRESSIVE;
				CLANG_WARN_UNREACHABLE_CODE = YES;
				CLANG_WARN__DUPLICATE_METHOD_MATCH = YES;
				COPY_PHASE_STRIP = NO;
				DEBUG_INFORMATION_FORMAT = "dwarf-with-dsym";
				ENABLE_NS_ASSERTIONS = NO;
				ENABLE_STRICT_OBJC_MSGSEND = YES;
				ENABLE_USER_SCRIPT_SANDBOXING = YES;
				GCC_C_LANGUAGE_STANDARD = gnu17;
				GCC_NO_COMMON_BLOCKS = YES;
				GCC_WARN_64_TO_32_BIT_CONVERSION = YES;
				GCC_WARN_ABOUT_RETURN_TYPE = YES_ERROR;
				GCC_WARN_UNDECLARED_SELECTOR = YES;
				GCC_WARN_UNINITIALIZED_AUTOS = YES_AGGRESSIVE;
				GCC_WARN_UNUSED_FUNCTION = YES;
				GCC_WARN_UNUSED_VARIABLE = YES;
				IPHONEOS_DEPLOYMENT_TARGET = 18.2;
				LOCALIZATION_PREFERS_STRING_CATALOGS = YES;
				MTL_ENABLE_DEBUG_INFO = NO;
				MTL_FAST_MATH = YES;
				SDKROOT = iphoneos;
				SWIFT_COMPILATION_MODE = wholemodule;
				VALIDATE_PRODUCT = YES;
			};
			name = Release;
		};
		BC7553EC2D0C493200BE1A6A /* Debug */ = {
			isa = XCBuildConfiguration;
			buildSettings = {
				ASSETCATALOG_COMPILER_APPICON_NAME = AppIcon;
				ASSETCATALOG_COMPILER_GLOBAL_ACCENT_COLOR_NAME = AccentColor;
				CODE_SIGN_STYLE = Automatic;
				CURRENT_PROJECT_VERSION = 1;
				DEVELOPMENT_ASSET_PATHS = "\"CalorieScan/Preview Content\"";
				DEVELOPMENT_TEAM = TDV5DZPWM8;
				ENABLE_PREVIEWS = YES;
				GENERATE_INFOPLIST_FILE = YES;
				INFOPLIST_KEY_UIApplicationSceneManifest_Generation = YES;
				INFOPLIST_KEY_UIApplicationSupportsIndirectInputEvents = YES;
				INFOPLIST_KEY_UILaunchScreen_Generation = YES;
				INFOPLIST_KEY_UISupportedInterfaceOrientations_iPad = "UIInterfaceOrientationPortrait UIInterfaceOrientationPortraitUpsideDown UIInterfaceOrientationLandscapeLeft UIInterfaceOrientationLandscapeRight";
				INFOPLIST_KEY_UISupportedInterfaceOrientations_iPhone = "UIInterfaceOrientationPortrait UIInterfaceOrientationLandscapeLeft UIInterfaceOrientationLandscapeRight";
				LD_RUNPATH_SEARCH_PATHS = (
					"$(inherited)",
					"@executable_path/Frameworks",
				);
				MARKETING_VERSION = 1.0;
				PRODUCT_BUNDLE_IDENTIFIER = jerrynkongolo.CalorieScan;
				PRODUCT_NAME = "$(TARGET_NAME)";
				SWIFT_EMIT_LOC_STRINGS = YES;
				SWIFT_VERSION = 5.0;
				TARGETED_DEVICE_FAMILY = "1,2";
			};
			name = Debug;
		};
		BC7553ED2D0C493200BE1A6A /* Release */ = {
			isa = XCBuildConfiguration;
			buildSettings = {
				ASSETCATALOG_COMPILER_APPICON_NAME = AppIcon;
				ASSETCATALOG_COMPILER_GLOBAL_ACCENT_COLOR_NAME = AccentColor;
				CODE_SIGN_STYLE = Automatic;
				CURRENT_PROJECT_VERSION = 1;
				DEVELOPMENT_ASSET_PATHS = "\"CalorieScan/Preview Content\"";
				DEVELOPMENT_TEAM = TDV5DZPWM8;
				ENABLE_PREVIEWS = YES;
				GENERATE_INFOPLIST_FILE = YES;
				INFOPLIST_KEY_UIApplicationSceneManifest_Generation = YES;
				INFOPLIST_KEY_UIApplicationSupportsIndirectInputEvents = YES;
				INFOPLIST_KEY_UILaunchScreen_Generation = YES;
				INFOPLIST_KEY_UISupportedInterfaceOrientations_iPad = "UIInterfaceOrientationPortrait UIInterfaceOrientationPortraitUpsideDown UIInterfaceOrientationLandscapeLeft UIInterfaceOrientationLandscapeRight";
				INFOPLIST_KEY_UISupportedInterfaceOrientations_iPhone = "UIInterfaceOrientationPortrait UIInterfaceOrientationLandscapeLeft UIInterfaceOrientationLandscapeRight";
				LD_RUNPATH_SEARCH_PATHS = (
					"$(inherited)",
					"@executable_path/Frameworks",
				);
				MARKETING_VERSION = 1.0;
				PRODUCT_BUNDLE_IDENTIFIER = jerrynkongolo.CalorieScan;
				PRODUCT_NAME = "$(TARGET_NAME)";
				SWIFT_EMIT_LOC_STRINGS = YES;
				SWIFT_VERSION = 5.0;
				TARGETED_DEVICE_FAMILY = "1,2";
			};
			name = Release;
		};
		BC7553EF2D0C493200BE1A6A /* Debug */ = {
			isa = XCBuildConfiguration;
			buildSettings = {
				BUNDLE_LOADER = "$(TEST_HOST)";
				CODE_SIGN_STYLE = Automatic;
				CURRENT_PROJECT_VERSION = 1;
				DEVELOPMENT_TEAM = TDV5DZPWM8;
				GENERATE_INFOPLIST_FILE = YES;
				IPHONEOS_DEPLOYMENT_TARGET = 18.2;
				MARKETING_VERSION = 1.0;
				PRODUCT_BUNDLE_IDENTIFIER = jerrynkongolo.CalorieScanTests;
				PRODUCT_NAME = "$(TARGET_NAME)";
				SWIFT_EMIT_LOC_STRINGS = NO;
				SWIFT_VERSION = 5.0;
				TARGETED_DEVICE_FAMILY = "1,2";
				TEST_HOST = "$(BUILT_PRODUCTS_DIR)/CalorieScan.app/$(BUNDLE_EXECUTABLE_FOLDER_PATH)/CalorieScan";
			};
			name = Debug;
		};
		BC7553F02D0C493200BE1A6A /* Release */ = {
			isa = XCBuildConfiguration;
			buildSettings = {
				BUNDLE_LOADER = "$(TEST_HOST)";
				CODE_SIGN_STYLE = Automatic;
				CURRENT_PROJECT_VERSION = 1;
				DEVELOPMENT_TEAM = TDV5DZPWM8;
				GENERATE_INFOPLIST_FILE = YES;
				IPHONEOS_DEPLOYMENT_TARGET = 18.2;
				MARKETING_VERSION = 1.0;
				PRODUCT_BUNDLE_IDENTIFIER = jerrynkongolo.CalorieScanTests;
				PRODUCT_NAME = "$(TARGET_NAME)";
				SWIFT_EMIT_LOC_STRINGS = NO;
				SWIFT_VERSION = 5.0;
				TARGETED_DEVICE_FAMILY = "1,2";
				TEST_HOST = "$(BUILT_PRODUCTS_DIR)/CalorieScan.app/$(BUNDLE_EXECUTABLE_FOLDER_PATH)/CalorieScan";
			};
			name = Release;
		};
		BC7553F22D0C493200BE1A6A /* Debug */ = {
			isa = XCBuildConfiguration;
			buildSettings = {
				CODE_SIGN_STYLE = Automatic;
				CURRENT_PROJECT_VERSION = 1;
				DEVELOPMENT_TEAM = TDV5DZPWM8;
				GENERATE_INFOPLIST_FILE = YES;
				MARKETING_VERSION = 1.0;
				PRODUCT_BUNDLE_IDENTIFIER = jerrynkongolo.CalorieScanUITests;
				PRODUCT_NAME = "$(TARGET_NAME)";
				SWIFT_EMIT_LOC_STRINGS = NO;
				SWIFT_VERSION = 5.0;
				TARGETED_DEVICE_FAMILY = "1,2";
				TEST_TARGET_NAME = CalorieScan;
			};
			name = Debug;
		};
		BC7553F32D0C493200BE1A6A /* Release */ = {
			isa = XCBuildConfiguration;
			buildSettings = {
				CODE_SIGN_STYLE = Automatic;
				CURRENT_PROJECT_VERSION = 1;
				DEVELOPMENT_TEAM = TDV5DZPWM8;
				GENERATE_INFOPLIST_FILE = YES;
				MARKETING_VERSION = 1.0;
				PRODUCT_BUNDLE_IDENTIFIER = jerrynkongolo.CalorieScanUITests;
				PRODUCT_NAME = "$(TARGET_NAME)";
				SWIFT_EMIT_LOC_STRINGS = NO;
				SWIFT_VERSION = 5.0;
				TARGETED_DEVICE_FAMILY = "1,2";
				TEST_TARGET_NAME = CalorieScan;
			};
			name = Release;
		};
/* End XCBuildConfiguration section */

/* Begin XCConfigurationList section */
		BC7553C22D0C493100BE1A6A /* Build configuration list for PBXProject "CalorieScan" */ = {
			isa = XCConfigurationList;
			buildConfigurations = (
				BC7553E92D0C493200BE1A6A /* Debug */,
				BC7553EA2D0C493200BE1A6A /* Release */,
			);
			defaultConfigurationIsVisible = 0;
			defaultConfigurationName = Release;
		};
		BC7553EB2D0C493200BE1A6A /* Build configuration list for PBXNativeTarget "CalorieScan" */ = {
			isa = XCConfigurationList;
			buildConfigurations = (
				BC7553EC2D0C493200BE1A6A /* Debug */,
				BC7553ED2D0C493200BE1A6A /* Release */,
			);
			defaultConfigurationIsVisible = 0;
			defaultConfigurationName = Release;
		};
		BC7553EE2D0C493200BE1A6A /* Build configuration list for PBXNativeTarget "CalorieScanTests" */ = {
			isa = XCConfigurationList;
			buildConfigurations = (
				BC7553EF2D0C493200BE1A6A /* Debug */,
				BC7553F02D0C493200BE1A6A /* Release */,
			);
			defaultConfigurationIsVisible = 0;
			defaultConfigurationName = Release;
		};
		BC7553F12D0C493200BE1A6A /* Build configuration list for PBXNativeTarget "CalorieScanUITests" */ = {
			isa = XCConfigurationList;
			buildConfigurations = (
				BC7553F22D0C493200BE1A6A /* Debug */,
				BC7553F32D0C493200BE1A6A /* Release */,
			);
			defaultConfigurationIsVisible = 0;
			defaultConfigurationName = Release;
		};
/* End XCConfigurationList section */
	};
	rootObject = BC7553BF2D0C493100BE1A6A /* Project object */;
}
